
Microsoft Visual Studio Solution File, Format Version 12.00
# Visual Studio Version 17
VisualStudioVersion = 17.6.33801.468
MinimumVisualStudioVersion = 10.0.40219.1
Project("{FAE04EC0-301F-11D3-BF4B-00C04F79EFBC}") = "youtube369", "youtube369.csproj", "{542BB84F-11F5-4D8F-B332-B283AC028C79}"
EndProject
Global
	GlobalSection(SolutionConfigurationPlatforms) = preSolution
		Debug|Any CPU = Debug|Any CPU
		Release|Any CPU = Release|Any CPU
	EndGlobalSection
	GlobalSection(ProjectConfigurationPlatforms) = postSolution
		{542BB84F-11F5-4D8F-B332-B283AC028C79}.Debug|Any CPU.ActiveCfg = Debug|Any CPU
		{542BB84F-11F5-4D8F-B332-B283AC028C79}.Debug|Any CPU.Build.0 = Debug|Any CPU
		{542BB84F-11F5-4D8F-B332-B283AC028C79}.Release|Any CPU.ActiveCfg = Release|Any CPU
		{542BB84F-11F5-4D8F-B332-B283AC028C79}.Release|Any CPU.Build.0 = Release|Any CPU
	EndGlobalSection
	GlobalSection(SolutionProperties) = preSolution
		HideSolutionNode = FALSE
	EndGlobalSection
	GlobalSection(ExtensibilityGlobals) = postSolution
		SolutionGuid = {C48ABF5E-6ECF-46BD-8FD0-901FE6C24913}
	EndGlobalSection
EndGlobal
